<?xml version="1.0" encoding="utf-8"?>
<Project xmlns="http://schemas.microsoft.com/developer/msbuild/2003">
  <ItemGroup>
    <Filter Include="Form Files">
      <UniqueIdentifier>{99349809-55BA-4b9d-BF79-8FDBB0286EB3}</UniqueIdentifier>
      <Extensions>ui</Extensions>
      <ParseFiles>false</ParseFiles>
    </Filter>
    <Filter Include="Form Files">
      <UniqueIdentifier>{99349809-55BA-4b9d-BF79-8FDBB0286EB3}</UniqueIdentifier>
      <Extensions>ui</Extensions>
      <ParseFiles>false</ParseFiles>
    </Filter>
    <Filter Include="Generated Files">
      <UniqueIdentifier>{71ED8ED8-ACB9-4CE9-BBE1-E00B30144E11}</UniqueIdentifier>
      <Extensions>cpp;c;cxx;moc;h;def;odl;idl;res;</Extensions>
    </Filter>
    <Filter Include="Generated Files">
      <UniqueIdentifier>{71ED8ED8-ACB9-4CE9-BBE1-E00B30144E11}</UniqueIdentifier>
      <Extensions>cpp;c;cxx;moc;h;def;odl;idl;res;</Extensions>
    </Filter>
    <Filter Include="Header Files">
      <UniqueIdentifier>{93995380-89BD-4b04-88EB-625FBE52EBFB}</UniqueIdentifier>
      <Extensions>h;hpp;hxx;hm;inl;inc;xsd</Extensions>
    </Filter>
    <Filter Include="Header Files">
      <UniqueIdentifier>{93995380-89BD-4b04-88EB-625FBE52EBFB}</UniqueIdentifier>
      <Extensions>h;hpp;hxx;hm;inl;inc;xsd</Extensions>
    </Filter>
    <Filter Include="Resource Files">
      <UniqueIdentifier>{D9D6E242-F8AF-46E4-B9FD-80ECBC20BA3E}</UniqueIdentifier>
      <Extensions>qrc;*</Extensions>
      <ParseFiles>false</ParseFiles>
    </Filter>
    <Filter Include="Resource Files">
      <UniqueIdentifier>{D9D6E242-F8AF-46E4-B9FD-80ECBC20BA3E}</UniqueIdentifier>
      <Extensions>qrc;*</Extensions>
      <ParseFiles>false</ParseFiles>
    </Filter>
    <Filter Include="Source Files">
      <UniqueIdentifier>{4FC737F1-C7A5-4376-A066-2A32D752A2FF}</UniqueIdentifier>
      <Extensions>cpp;c;cxx;def;odl;idl;hpj;bat;asm;asmx</Extensions>
    </Filter>
    <Filter Include="Source Files">
      <UniqueIdentifier>{4FC737F1-C7A5-4376-A066-2A32D752A2FF}</UniqueIdentifier>
      <Extensions>cpp;c;cxx;def;odl;idl;hpj;bat;asm;asmx</Extensions>
    </Filter>
  </ItemGroup>
  <ItemGroup>
    <ClCompile Include="aboutdialog.cpp">
      <Filter>Source Files</Filter>
    </ClCompile>
    <ClCompile Include="getsensordata.cpp">
      <Filter>Source Files</Filter>
    </ClCompile>
    <ClCompile Include="linkdisplay.cpp">
      <Filter>Source Files</Filter>
    </ClCompile>
    <ClCompile Include="main.cpp">
      <Filter>Source Files</Filter>
    </ClCompile>
    <ClCompile Include="mainwindow.cpp">
      <Filter>Source Files</Filter>
    </ClCompile>
    <ClCompile Include="motorcontrol.cpp">
      <Filter>Source Files</Filter>
    </ClCompile>
    <ClCompile Include="qcustomplot.cpp">
      <Filter>Source Files</Filter>
    </ClCompile>
    <ClCompile Include="scatterdatamodifier.cpp">
      <Filter>Source Files</Filter>
    </ClCompile>
    <ClCompile Include="tensioncontrol.cpp">
      <Filter>Source Files</Filter>
    </ClCompile>
    <ClCompile Include="vrdisplay.cpp">
      <Filter>Source Files</Filter>
    </ClCompile>
  </ItemGroup>
  <ItemGroup>
    <ClInclude Include="DeviceListItem.h">
      <Filter>Header Files</Filter>
    </ClInclude>
    <ClInclude Include="ImuData.h">
      <Filter>Header Files</Filter>
    </ClInclude>
    <ClInclude Include="LpmsDefinitions.h">
      <Filter>Header Files</Filter>
    </ClInclude>
    <ClInclude Include="LpmsSensorI.h">
      <Filter>Header Files</Filter>
    </ClInclude>
    <ClInclude Include="LpmsSensorManagerI.h">
      <Filter>Header Files</Filter>
    </ClInclude>
    <QtMoc Include="aboutdialog.h">
      <Filter>Header Files</Filter>
    </QtMoc>
    <QtMoc Include="getsensordata.h">
      <Filter>Header Files</Filter>
    </QtMoc>
    <QtMoc Include="linkdisplay.h">
      <Filter>Header Files</Filter>
    </QtMoc>
    <QtMoc Include="mainwindow.h">
      <Filter>Header Files</Filter>
    </QtMoc>
    <QtMoc Include="motorcontrol.h">
      <Filter>Header Files</Filter>
    </QtMoc>
    <QtMoc Include="qcustomplot.h">
      <Filter>Header Files</Filter>
    </QtMoc>
    <QtMoc Include="scatterdatamodifier.h">
      <Filter>Header Files</Filter>
    </QtMoc>
    <QtMoc Include="tensioncontrol.h">
      <Filter>Header Files</Filter>
    </QtMoc>
    <QtMoc Include="vrdisplay.h">
      <Filter>Header Files</Filter>
    </QtMoc>
  </ItemGroup>
  <ItemGroup>
    
    
    
    
    
    
    
    
    
    
    <CustomBuild Include="debug\moc_predefs.h.cbt">
      <Filter>Generated Files</Filter>
    </CustomBuild>
    <CustomBuild Include="release\moc_predefs.h.cbt">
      <Filter>Generated Files</Filter>
    </CustomBuild>
    
    
    
    
    
    
    
    
    
    
    <ClInclude Include="ui_aboutdialog.h">
      <Filter>Generated Files</Filter>
    </ClInclude>
    <ClInclude Include="ui_mainwindow.h">
      <Filter>Generated Files</Filter>
    </ClInclude>
  </ItemGroup>
  <ItemGroup>
    <QtUic Include="aboutdialog.ui">
      <Filter>Form Files</Filter>
    </QtUic>
    <QtUic Include="mainwindow.ui">
      <Filter>Form Files</Filter>
    </QtUic>
  </ItemGroup>
  <ItemGroup>
    <None Include="li\add.png">
      <Filter>Resource Files</Filter>
    </None>
    <None Include="li\bars_32x32.png">
      <Filter>Resource Files</Filter>
    </None>
    <None Include="li\bolt_32x32.png">
      <Filter>Resource Files</Filter>
    </None>
    <None Include="li\cd_32x32.png">
      <Filter>Resource Files</Filter>
    </None>
    <None Include="li\cleanport.png">
      <Filter>Resource Files</Filter>
    </None>
    <None Include="li\compass_32x32.png">
      <Filter>Resource Files</Filter>
    </None>
    <None Include="li\denied_32x32.png">
      <Filter>Resource Files</Filter>
    </None>
    <None Include="li\exit.png">
      <Filter>Resource Files</Filter>
    </None>
    <None Include="li\eyedropper_32x32.png">
      <Filter>Resource Files</Filter>
    </None>
    <None Include="li\folder_stroke_32x32.png">
      <Filter>Resource Files</Filter>
    </None>
    <None Include="li\fullscreen_exit_32x32.png">
      <Filter>Resource Files</Filter>
    </None>
    <None Include="li\layers_32x28.png">
      <Filter>Resource Files</Filter>
    </None>
    <QtRcc Include="li.qrc">
      <Filter>Resource Files</Filter>
    </QtRcc>
    <None Include="li\loop_alt2_32x28.png">
      <Filter>Resource Files</Filter>
    </None>
    <None Include="li\mesage.png">
      <Filter>Resource Files</Filter>
    </None>
    <None Include="li\open.png">
      <Filter>Resource Files</Filter>
    </None>
    <None Include="li\pause_24x32.png">
      <Filter>Resource Files</Filter>
    </None>
    <None Include="li\play_24x32.png">
      <Filter>Resource Files</Filter>
    </None>
    <None Include="li\plot.png">
      <Filter>Resource Files</Filter>
    </None>
    <None Include="li\plus_32x32.png">
      <Filter>Resource Files</Filter>
    </None>
    <None Include="li\robot_1.png">
      <Filter>Resource Files</Filter>
    </None>
    <None Include="li\rss_alt_32x32.png">
      <Filter>Resource Files</Filter>
    </None>
    <None Include="li\save.png">
      <Filter>Resource Files</Filter>
    </None>
    <None Include="li\send.png">
      <Filter>Resource Files</Filter>
    </None>
    <None Include="li\share_32x32.png">
      <Filter>Resource Files</Filter>
    </None>
    <None Include="li\stop.png">
      <Filter>Resource Files</Filter>
    </None>
    <None Include="li\stop_32x32.png">
      <Filter>Resource Files</Filter>
    </None>
    <None Include="li\sun_fill_32x32.png">
      <Filter>Resource Files</Filter>
    </None>
    <None Include="li\target_32x32.png">
      <Filter>Resource Files</Filter>
    </None>
    <None Include="li\user_24x32.png">
      <Filter>Resource Files</Filter>
    </None>
    <None Include="li\x_28x28.png">
      <Filter>Resource Files</Filter>
    </None>
    <None Include="li\x_alt_32x32.png">
      <Filter>Resource Files</Filter>
    </None>
  </ItemGroup>
</Project>